
Microsoft Visual Studio Solution File, Format Version 12.00
# Visual Studio Version 17
VisualStudioVersion = 17.0.32112.339
MinimumVisualStudioVersion = 10.0.40219.1
Project("{9A19103F-16F7-4668-BE54-9A1E7A4F7556}") = "Arrawer", "Arrawer\Arrawer.csproj", "{15157C33-23D8-4350-8A6F-95F1BE8274C9}"
EndProject
Project("{9A19103F-16F7-4668-BE54-9A1E7A4F7556}") = "DopaEngine", "..\DopaEngine\DopaEngine\DopaEngine.csproj", "{4E4EA5B4-7CFE-42E8-A19E-B6E262E44F6C}"
EndProject
Global
	GlobalSection(SolutionConfigurationPlatforms) = preSolution
		Debug|Any CPU = Debug|Any CPU
		Release|Any CPU = Release|Any CPU
	EndGlobalSection
	GlobalSection(ProjectConfigurationPlatforms) = postSolution
		{15157C33-23D8-4350-8A6F-95F1BE8274C9}.Debug|Any CPU.ActiveCfg = Debug|Any CPU
		{15157C33-23D8-4350-8A6F-95F1BE8274C9}.Debug|Any CPU.Build.0 = Debug|Any CPU
		{15157C33-23D8-4350-8A6F-95F1BE8274C9}.Release|Any CPU.ActiveCfg = Release|Any CPU
		{15157C33-23D8-4350-8A6F-95F1BE8274C9}.Release|Any CPU.Build.0 = Release|Any CPU
		{4E4EA5B4-7CFE-42E8-A19E-B6E262E44F6C}.Debug|Any CPU.ActiveCfg = Debug|Any CPU
		{4E4EA5B4-7CFE-42E8-A19E-B6E262E44F6C}.Debug|Any CPU.Build.0 = Debug|Any CPU
		{4E4EA5B4-7CFE-42E8-A19E-B6E262E44F6C}.Release|Any CPU.ActiveCfg = Release|Any CPU
		{4E4EA5B4-7CFE-42E8-A19E-B6E262E44F6C}.Release|Any CPU.Build.0 = Release|Any CPU
	EndGlobalSection
	GlobalSection(SolutionProperties) = preSolution
		HideSolutionNode = FALSE
	EndGlobalSection
	GlobalSection(ExtensibilityGlobals) = postSolution
		SolutionGuid = {B7B35E9B-C4E4-40FD-BC92-CDF5DFFFE1B7}
	EndGlobalSection
EndGlobal
